schema: '2.0'
stages:
  get_data:
    cmd: python scripts/data.py
    deps:
    - path: scripts/data.py
      hash: md5
      md5: 1d78bd7450dffd4e5eeedaa89acdc855
      size: 1163
    params:
      params.yaml:
        index_col: customer_id
    outs:
    - path: data/initial_data.csv
      hash: md5
      md5: 9fd25519d819cf82b23dab82662dc39a
      size: 822095
      cloud:
        storage_yp:
          etag: 9fd25519d819cf82b23dab82662dc39a
          version_id: 000644E9E65F743E
  fit_model:
    cmd: python scripts/fit.py
    deps:
    - path: data/initial_data.csv
      hash: md5
      md5: 9fd25519d819cf82b23dab82662dc39a
      size: 822095
    - path: scripts/fit.py
      hash: md5
      md5: 03f0bf2506cd22dc7ba3d54ca3b9e8ef
      size: 1461
    params:
      params.yaml:
        C: 1
        index_col: customer_id
        one_hot_drop: if_binary
        penalty: l2
        target_col: target
    outs:
    - path: models/fitted_lr.pkl
      hash: md5
      md5: 179b934706e640a035d40ec066d7ea79
      size: 11006
      cloud:
        storage_yp:
          etag: 179b934706e640a035d40ec066d7ea79
          version_id: 0006450D6896CCF6
  evaluate_model:
    cmd: python scripts/evaluate.py
    deps:
    - path: models/fitted_lr.pkl
      hash: md5
      md5: 179b934706e640a035d40ec066d7ea79
      size: 11006
    - path: scripts/evaluate.py
      hash: md5
      md5: 2a2c2d6d8750f48bd53abf72f29aa78a
      size: 1078
    params:
      params.yaml:
        index_col: customer_id
        metrics:
        - f1
        - roc_auc
        n_jobs: -1
        n_splits: 5
        target_col: target
    outs:
    - path: cv_results/cv_res.json
      hash: md5
      md5: 2333acecc75f839a7143cfd015a85b0f
      size: 76
      cloud:
        storage_yp:
          etag: 2333acecc75f839a7143cfd015a85b0f
          version_id: 0006450D689743F6
